
Microsoft Visual Studio Solution File, Format Version 12.00
# Visual Studio Version 17
VisualStudioVersion = 17.2.32616.157
MinimumVisualStudioVersion = 10.0.40219.1
Project("{FAE04EC0-301F-11D3-BF4B-00C04F79EFBC}") = "ClassTask-Indexer", "ClassTask-Indexer\ClassTask-Indexer.csproj", "{84B6DCC3-8AB6-4643-A435-76CB46ED74D6}"
EndProject
Global
	GlobalSection(SolutionConfigurationPlatforms) = preSolution
		Debug|Any CPU = Debug|Any CPU
		Release|Any CPU = Release|Any CPU
	EndGlobalSection
	GlobalSection(ProjectConfigurationPlatforms) = postSolution
		{84B6DCC3-8AB6-4643-A435-76CB46ED74D6}.Debug|Any CPU.ActiveCfg = Debug|Any CPU
		{84B6DCC3-8AB6-4643-A435-76CB46ED74D6}.Debug|Any CPU.Build.0 = Debug|Any CPU
		{84B6DCC3-8AB6-4643-A435-76CB46ED74D6}.Release|Any CPU.ActiveCfg = Release|Any CPU
		{84B6DCC3-8AB6-4643-A435-76CB46ED74D6}.Release|Any CPU.Build.0 = Release|Any CPU
	EndGlobalSection
	GlobalSection(SolutionProperties) = preSolution
		HideSolutionNode = FALSE
	EndGlobalSection
	GlobalSection(ExtensibilityGlobals) = postSolution
		SolutionGuid = {FCB0E4DF-B9A2-4973-9E74-9AAE75E24AD0}
	EndGlobalSection
EndGlobal
